{
  "README.md:1463162974": [
    [654, 3, 1, "Lint/Syntax: unexpected token tCOLON\n(Using Ruby 3.2 parser; configure using `TargetRubyVersion` parameter, under `AllCops`)", 177567]
  ],
  "docs/PARTIAL-TEMPLATE-MERGE-ARCHITECTURE.md:2433885434": [
    [381, 6, 1, "Layout/SpaceInsideHashLiteralBraces: Space inside { detected.", 177541],
    [381, 35, 1, "Layout/SpaceInsideHashLiteralBraces: Space inside } detected.", 177541],
    [383, 6, 1, "Layout/SpaceInsideHashLiteralBraces: Space inside { detected.", 177541],
    [383, 35, 1, "Layout/SpaceInsideHashLiteralBraces: Space inside } detected.", 177541]
  ],
  "examples/readme_section_merge/README.md:2140207292": [
    [16, 38, 1, "Lint/Syntax: trailing `_' in number\n(Using Ruby 3.2 parser; configure using `TargetRubyVersion` parameter, under `AllCops`)", 177658],
    [16, 39, 19, "Lint/Syntax: unexpected token tIDENTIFIER\n(Using Ruby 3.2 parser; configure using `TargetRubyVersion` parameter, under `AllCops`)", 275888237]
  ],
  "lib/ast/merge/comment/README.md:460348372": [
    [118, 1, 1, "Lint/Syntax: unexpected token tLT\n(Using Ruby 3.2 parser; configure using `TargetRubyVersion` parameter, under `AllCops`)", 177561]
  ],
  "spec/ast/merge/navigable_statement_spec.rb:953270551": [
    [3, 1, 45, "RSpec/MultipleDescribes: Do not use multiple top-level example groups - try to nest them.", 1966401495]
  ]
}
