{
  "spec/ast/merge/debug_logger_spec.rb:4077105382": [
    [113, 14, 13, "RSpec/ExpectActual: Provide the actual value you are testing to `expect(...)`.", 414119492]
  ],
  "spec/integration/freeze_node_edge_cases_spec.rb:3296982575": [
    [13, 16, 19, "RSpec/ExpectActual: Provide the actual value you are testing to `expect(...)`.", 3266944182],
    [14, 16, 33, "RSpec/ExpectActual: Provide the actual value you are testing to `expect(...)`.", 1265269949],
    [26, 16, 26, "RSpec/ExpectActual: Provide the actual value you are testing to `expect(...)`.", 4197319414],
    [27, 16, 40, "RSpec/ExpectActual: Provide the actual value you are testing to `expect(...)`.", 741439283],
    [33, 16, 20, "RSpec/ExpectActual: Provide the actual value you are testing to `expect(...)`.", 104745525],
    [34, 16, 34, "RSpec/ExpectActual: Provide the actual value you are testing to `expect(...)`.", 2860477502],
    [40, 16, 23, "RSpec/ExpectActual: Provide the actual value you are testing to `expect(...)`.", 1648951125],
    [41, 16, 32, "RSpec/ExpectActual: Provide the actual value you are testing to `expect(...)`.", 3717629482],
    [95, 63, 26, "Style/ClassMethodsDefinitions: Use `class << self` to define a class method.", 3606922876],
    [110, 63, 26, "Style/ClassMethodsDefinitions: Use `class << self` to define a class method.", 3606922876],
    [124, 63, 26, "Style/ClassMethodsDefinitions: Use `class << self` to define a class method.", 3606922876],
    [136, 63, 26, "Style/ClassMethodsDefinitions: Use `class << self` to define a class method.", 3606922876],
    [159, 9, 46, "RSpec/ReceiveMessages: Use `receive_messages` instead of multiple stubs on lines [160].", 53655011],
    [160, 9, 59, "RSpec/ReceiveMessages: Use `receive_messages` instead of multiple stubs on lines [159].", 443119685],
    [666, 13, 40, "ThreadSafety/ClassAndModuleAttributes: Avoid mutating class and module attributes.", 2667817960]
  ],
  "spec/integration/integration_spec.rb:197900658": [
    [19, 5, 279, "RSpec/LeakyConstantDeclaration: Stub module constant instead of declaring explicitly.", 4077310070]
  ]
}
