PATH
  remote: .
  specs:
    ast-merge (0.1.0)
      kettle-dev (~> 1.1.60)

GEM
  remote: https://rubygems.org/
  specs:
    kettle-dev (1.1.60)

PLATFORMS
  ruby
  x86_64-linux

DEPENDENCIES
  ast-merge!

CHECKSUMS
  ast-merge (0.1.0)
  kettle-dev (1.1.60) sha256=e155e60912c171b4fab24cfce1dc6f00e87cb3e62803a235c8524516d1ba1850

BUNDLED WITH
  4.0.0
